PODS:
  - MatomoTracker (6.0.0):
    - MatomoTracker/Core (= 6.0.0)
  - MatomoTracker/Core (6.0.0)

DEPENDENCIES:
  - MatomoTracker (~> 6)

SPEC REPOS:
  https://github.com/cocoapods/specs.git:
    - MatomoTracker

SPEC CHECKSUMS:
  MatomoTracker: f1d0adbe609f8db3740d24e59e16a1855d263921

PODFILE CHECKSUM: 5045ce9ea1712fac31cc9dd663f5987200a6d6e0

COCOAPODS: 1.5.3
