PODS:
  - GoogleAnalytics (3.17.0)
  - MatomoTracker (6.0.0):
    - MatomoTracker/Core (= 6.0.0)
  - MatomoTracker/Core (6.0.0)

DEPENDENCIES:
  - GoogleAnalytics
  - MatomoTracker (~> 6)

SPEC REPOS:
  https://github.com/cocoapods/specs.git:
    - GoogleAnalytics
    - MatomoTracker

SPEC CHECKSUMS:
  GoogleAnalytics: f42cc53a87a51fe94334821868d9c8481ff47a7b
  MatomoTracker: f1d0adbe609f8db3740d24e59e16a1855d263921

PODFILE CHECKSUM: 8cfdd023e9cce29e2172b71b251c19643e70e170

COCOAPODS: 1.5.3
